{
  "name": "test-app",
  "version": "1.0.0",
  "lockfileVersion": 2,
  "requires": true,
  "packages": {
    "": {
      "name": "test-app",
      "version": "1.0.0",
      "dependencies": {
        "react-scripts": "5.0.1"
      }
    },
    "node_modules/react-scripts": {
      "version": "5.0.1",
      "resolved": "https://registry.npmjs.org/react-scripts/-/react-scripts-5.0.1.tgz",
      "integrity": "sha512-xoJNjJ6H3Y9MuquxYZc13JUO2c+hJ1ytY1/6V2vNh+lX6YsJhBKt3vnDnN/SUXOc6Bx/OVCkXbkqVKgf/mBl2A==",
      "dependencies": {
        "babel-jest": "^27.4.2",
        "jest": "^27.4.3",
        "react-dev-utils": "^12.0.1",
        "webpack": "^5.64.4"
      }
    }
  },
  "dependencies": {
    "react-scripts": {
      "version": "5.0.1",
      "resolved": "https://registry.npmjs.org/react-scripts/-/react-scripts-5.0.1.tgz",
      "integrity": "sha512-xoJNjJ6H3Y9MuquxYZc13JUO2c+hJ1ytY1/6V2vNh+lX6YsJhBKt3vnDnN/SUXOc6Bx/OVCkXbkqVKgf/mBl2A==",
      "requires": {
        "babel-jest": "^27.4.2",
        "jest": "^27.4.3",
        "react-dev-utils": "^12.0.1",
        "webpack": "^5.64.4"
      }
    }
  }
}
