# THIS IS AN AUTOGENERATED FILE. DO NOT EDIT THIS FILE DIRECTLY.
# yarn lockfile v1


"@cubejs-templates/core@0.0.7":
  version "0.0.7"
  resolved "https://registry.yarnpkg.com/@cubejs-templates/core/-/core-0.0.7.tgz#9d2a1c0b7c2c3c0f8b0fa5f07e7d0c2e2b8f2d72"
  integrity sha512-randomhashplaceholder==
  dependencies:
    react "^16.13.1"
    react-dom "^16.13.1"
